
Microsoft Visual Studio Solution File, Format Version 12.00
# Visual Studio Version 16
VisualStudioVersion = 16.0.30413.136
MinimumVisualStudioVersion = 10.0.40219.1
Project("{FAE04EC0-301F-11D3-BF4B-00C04F79EFBC}") = "UserRegisration_MVC", "UserRegisration_MVC\UserRegisration_MVC.csproj", "{917401DC-0B62-4DED-B9AC-1B558F48E986}"
EndProject
Global
	GlobalSection(SolutionConfigurationPlatforms) = preSolution
		Debug|Any CPU = Debug|Any CPU
		Release|Any CPU = Release|Any CPU
	EndGlobalSection
	GlobalSection(ProjectConfigurationPlatforms) = postSolution
		{917401DC-0B62-4DED-B9AC-1B558F48E986}.Debug|Any CPU.ActiveCfg = Debug|Any CPU
		{917401DC-0B62-4DED-B9AC-1B558F48E986}.Debug|Any CPU.Build.0 = Debug|Any CPU
		{917401DC-0B62-4DED-B9AC-1B558F48E986}.Release|Any CPU.ActiveCfg = Release|Any CPU
		{917401DC-0B62-4DED-B9AC-1B558F48E986}.Release|Any CPU.Build.0 = Release|Any CPU
	EndGlobalSection
	GlobalSection(SolutionProperties) = preSolution
		HideSolutionNode = FALSE
	EndGlobalSection
	GlobalSection(ExtensibilityGlobals) = postSolution
		SolutionGuid = {7B688D99-4E4E-4B49-95BA-36966F521305}
	EndGlobalSection
EndGlobal
